
Microsoft Visual Studio Solution File, Format Version 12.00
# Visual Studio 15
VisualStudioVersion = 15.0.26124.0
MinimumVisualStudioVersion = 15.0.26124.0
Project("{FAE04EC0-301F-11D3-BF4B-00C04F79EFBC}") = "Input.Handler", "Input.Handler\Input.Handler.csproj", "{57C0FADC-2BA9-4275-B848-90C443C39853}"
EndProject
Project("{FAE04EC0-301F-11D3-BF4B-00C04F79EFBC}") = "Output.Handler", "Output.Handler\Output.Handler.csproj", "{D9C71BF1-B5E2-422C-AAEF-4A8DC66C3728}"
EndProject
Project("{F2A71F9B-5D33-465A-A702-920D77279786}") = "Input.Handler.Test.Unit", "Input.Handler.Test.Unit\Input.Handler.Test.Unit.fsproj", "{9721B184-DEBB-4BCA-861A-98E02400D32B}"
EndProject
Project("{F2A71F9B-5D33-465A-A702-920D77279786}") = "Output.Handler.Test.Unit", "Output.Handler.Test.Unit\Output.Handler.Test.Unit.fsproj", "{03344301-7C93-4303-8AC1-FBE9A83C659C}"
EndProject
Project("{FAE04EC0-301F-11D3-BF4B-00C04F79EFBC}") = "Common.Log", "Common.Log\Common.Log.csproj", "{B22C9038-061A-495F-A378-0B94AB23C244}"
EndProject
Project("{FAE04EC0-301F-11D3-BF4B-00C04F79EFBC}") = "Input.Rest.Nancy", "Input.Rest.Nancy\Input.Rest.Nancy.csproj", "{784145C6-FEEB-420D-ADAE-AADCEFBE5915}"
EndProject
Project("{FAE04EC0-301F-11D3-BF4B-00C04F79EFBC}") = "Output.Rest.Nancy", "Output.Rest.Nancy\Output.Rest.Nancy.csproj", "{0D39E2FA-B78B-4E74-A36E-4905A3FF8FE6}"
EndProject
Project("{2150E333-8FDC-42A3-9474-1A3956D46DE8}") = "Input", "Input", "{E89BD49B-70B4-4CE9-9A8D-48BADCA7F993}"
EndProject
Project("{2150E333-8FDC-42A3-9474-1A3956D46DE8}") = "Output", "Output", "{B89286A1-A88E-4BC2-974B-2B4366CB87F2}"
EndProject
Global
	GlobalSection(SolutionConfigurationPlatforms) = preSolution
		Debug|Any CPU = Debug|Any CPU
		Debug|x64 = Debug|x64
		Debug|x86 = Debug|x86
		Release|Any CPU = Release|Any CPU
		Release|x64 = Release|x64
		Release|x86 = Release|x86
	EndGlobalSection
	GlobalSection(SolutionProperties) = preSolution
		HideSolutionNode = FALSE
	EndGlobalSection
	GlobalSection(ProjectConfigurationPlatforms) = postSolution
		{57C0FADC-2BA9-4275-B848-90C443C39853}.Debug|Any CPU.ActiveCfg = Debug|Any CPU
		{57C0FADC-2BA9-4275-B848-90C443C39853}.Debug|Any CPU.Build.0 = Debug|Any CPU
		{57C0FADC-2BA9-4275-B848-90C443C39853}.Debug|x64.ActiveCfg = Debug|Any CPU
		{57C0FADC-2BA9-4275-B848-90C443C39853}.Debug|x64.Build.0 = Debug|Any CPU
		{57C0FADC-2BA9-4275-B848-90C443C39853}.Debug|x86.ActiveCfg = Debug|Any CPU
		{57C0FADC-2BA9-4275-B848-90C443C39853}.Debug|x86.Build.0 = Debug|Any CPU
		{57C0FADC-2BA9-4275-B848-90C443C39853}.Release|Any CPU.ActiveCfg = Release|Any CPU
		{57C0FADC-2BA9-4275-B848-90C443C39853}.Release|Any CPU.Build.0 = Release|Any CPU
		{57C0FADC-2BA9-4275-B848-90C443C39853}.Release|x64.ActiveCfg = Release|Any CPU
		{57C0FADC-2BA9-4275-B848-90C443C39853}.Release|x64.Build.0 = Release|Any CPU
		{57C0FADC-2BA9-4275-B848-90C443C39853}.Release|x86.ActiveCfg = Release|Any CPU
		{57C0FADC-2BA9-4275-B848-90C443C39853}.Release|x86.Build.0 = Release|Any CPU
		{D9C71BF1-B5E2-422C-AAEF-4A8DC66C3728}.Debug|Any CPU.ActiveCfg = Debug|Any CPU
		{D9C71BF1-B5E2-422C-AAEF-4A8DC66C3728}.Debug|Any CPU.Build.0 = Debug|Any CPU
		{D9C71BF1-B5E2-422C-AAEF-4A8DC66C3728}.Debug|x64.ActiveCfg = Debug|Any CPU
		{D9C71BF1-B5E2-422C-AAEF-4A8DC66C3728}.Debug|x64.Build.0 = Debug|Any CPU
		{D9C71BF1-B5E2-422C-AAEF-4A8DC66C3728}.Debug|x86.ActiveCfg = Debug|Any CPU
		{D9C71BF1-B5E2-422C-AAEF-4A8DC66C3728}.Debug|x86.Build.0 = Debug|Any CPU
		{D9C71BF1-B5E2-422C-AAEF-4A8DC66C3728}.Release|Any CPU.ActiveCfg = Release|Any CPU
		{D9C71BF1-B5E2-422C-AAEF-4A8DC66C3728}.Release|Any CPU.Build.0 = Release|Any CPU
		{D9C71BF1-B5E2-422C-AAEF-4A8DC66C3728}.Release|x64.ActiveCfg = Release|Any CPU
		{D9C71BF1-B5E2-422C-AAEF-4A8DC66C3728}.Release|x64.Build.0 = Release|Any CPU
		{D9C71BF1-B5E2-422C-AAEF-4A8DC66C3728}.Release|x86.ActiveCfg = Release|Any CPU
		{D9C71BF1-B5E2-422C-AAEF-4A8DC66C3728}.Release|x86.Build.0 = Release|Any CPU
		{9721B184-DEBB-4BCA-861A-98E02400D32B}.Debug|Any CPU.ActiveCfg = Debug|Any CPU
		{9721B184-DEBB-4BCA-861A-98E02400D32B}.Debug|Any CPU.Build.0 = Debug|Any CPU
		{9721B184-DEBB-4BCA-861A-98E02400D32B}.Debug|x64.ActiveCfg = Debug|Any CPU
		{9721B184-DEBB-4BCA-861A-98E02400D32B}.Debug|x64.Build.0 = Debug|Any CPU
		{9721B184-DEBB-4BCA-861A-98E02400D32B}.Debug|x86.ActiveCfg = Debug|Any CPU
		{9721B184-DEBB-4BCA-861A-98E02400D32B}.Debug|x86.Build.0 = Debug|Any CPU
		{9721B184-DEBB-4BCA-861A-98E02400D32B}.Release|Any CPU.ActiveCfg = Release|Any CPU
		{9721B184-DEBB-4BCA-861A-98E02400D32B}.Release|Any CPU.Build.0 = Release|Any CPU
		{9721B184-DEBB-4BCA-861A-98E02400D32B}.Release|x64.ActiveCfg = Release|Any CPU
		{9721B184-DEBB-4BCA-861A-98E02400D32B}.Release|x64.Build.0 = Release|Any CPU
		{9721B184-DEBB-4BCA-861A-98E02400D32B}.Release|x86.ActiveCfg = Release|Any CPU
		{9721B184-DEBB-4BCA-861A-98E02400D32B}.Release|x86.Build.0 = Release|Any CPU
		{03344301-7C93-4303-8AC1-FBE9A83C659C}.Debug|Any CPU.ActiveCfg = Debug|Any CPU
		{03344301-7C93-4303-8AC1-FBE9A83C659C}.Debug|Any CPU.Build.0 = Debug|Any CPU
		{03344301-7C93-4303-8AC1-FBE9A83C659C}.Debug|x64.ActiveCfg = Debug|Any CPU
		{03344301-7C93-4303-8AC1-FBE9A83C659C}.Debug|x64.Build.0 = Debug|Any CPU
		{03344301-7C93-4303-8AC1-FBE9A83C659C}.Debug|x86.ActiveCfg = Debug|Any CPU
		{03344301-7C93-4303-8AC1-FBE9A83C659C}.Debug|x86.Build.0 = Debug|Any CPU
		{03344301-7C93-4303-8AC1-FBE9A83C659C}.Release|Any CPU.ActiveCfg = Release|Any CPU
		{03344301-7C93-4303-8AC1-FBE9A83C659C}.Release|Any CPU.Build.0 = Release|Any CPU
		{03344301-7C93-4303-8AC1-FBE9A83C659C}.Release|x64.ActiveCfg = Release|Any CPU
		{03344301-7C93-4303-8AC1-FBE9A83C659C}.Release|x64.Build.0 = Release|Any CPU
		{03344301-7C93-4303-8AC1-FBE9A83C659C}.Release|x86.ActiveCfg = Release|Any CPU
		{03344301-7C93-4303-8AC1-FBE9A83C659C}.Release|x86.Build.0 = Release|Any CPU
		{B22C9038-061A-495F-A378-0B94AB23C244}.Debug|Any CPU.ActiveCfg = Debug|Any CPU
		{B22C9038-061A-495F-A378-0B94AB23C244}.Debug|Any CPU.Build.0 = Debug|Any CPU
		{B22C9038-061A-495F-A378-0B94AB23C244}.Debug|x64.ActiveCfg = Debug|Any CPU
		{B22C9038-061A-495F-A378-0B94AB23C244}.Debug|x64.Build.0 = Debug|Any CPU
		{B22C9038-061A-495F-A378-0B94AB23C244}.Debug|x86.ActiveCfg = Debug|Any CPU
		{B22C9038-061A-495F-A378-0B94AB23C244}.Debug|x86.Build.0 = Debug|Any CPU
		{B22C9038-061A-495F-A378-0B94AB23C244}.Release|Any CPU.ActiveCfg = Release|Any CPU
		{B22C9038-061A-495F-A378-0B94AB23C244}.Release|Any CPU.Build.0 = Release|Any CPU
		{B22C9038-061A-495F-A378-0B94AB23C244}.Release|x64.ActiveCfg = Release|Any CPU
		{B22C9038-061A-495F-A378-0B94AB23C244}.Release|x64.Build.0 = Release|Any CPU
		{B22C9038-061A-495F-A378-0B94AB23C244}.Release|x86.ActiveCfg = Release|Any CPU
		{B22C9038-061A-495F-A378-0B94AB23C244}.Release|x86.Build.0 = Release|Any CPU
		{784145C6-FEEB-420D-ADAE-AADCEFBE5915}.Debug|Any CPU.ActiveCfg = Debug|Any CPU
		{784145C6-FEEB-420D-ADAE-AADCEFBE5915}.Debug|Any CPU.Build.0 = Debug|Any CPU
		{784145C6-FEEB-420D-ADAE-AADCEFBE5915}.Debug|x64.ActiveCfg = Debug|Any CPU
		{784145C6-FEEB-420D-ADAE-AADCEFBE5915}.Debug|x64.Build.0 = Debug|Any CPU
		{784145C6-FEEB-420D-ADAE-AADCEFBE5915}.Debug|x86.ActiveCfg = Debug|Any CPU
		{784145C6-FEEB-420D-ADAE-AADCEFBE5915}.Debug|x86.Build.0 = Debug|Any CPU
		{784145C6-FEEB-420D-ADAE-AADCEFBE5915}.Release|Any CPU.ActiveCfg = Release|Any CPU
		{784145C6-FEEB-420D-ADAE-AADCEFBE5915}.Release|Any CPU.Build.0 = Release|Any CPU
		{784145C6-FEEB-420D-ADAE-AADCEFBE5915}.Release|x64.ActiveCfg = Release|Any CPU
		{784145C6-FEEB-420D-ADAE-AADCEFBE5915}.Release|x64.Build.0 = Release|Any CPU
		{784145C6-FEEB-420D-ADAE-AADCEFBE5915}.Release|x86.ActiveCfg = Release|Any CPU
		{784145C6-FEEB-420D-ADAE-AADCEFBE5915}.Release|x86.Build.0 = Release|Any CPU
		{0D39E2FA-B78B-4E74-A36E-4905A3FF8FE6}.Debug|Any CPU.ActiveCfg = Debug|Any CPU
		{0D39E2FA-B78B-4E74-A36E-4905A3FF8FE6}.Debug|Any CPU.Build.0 = Debug|Any CPU
		{0D39E2FA-B78B-4E74-A36E-4905A3FF8FE6}.Debug|x64.ActiveCfg = Debug|Any CPU
		{0D39E2FA-B78B-4E74-A36E-4905A3FF8FE6}.Debug|x64.Build.0 = Debug|Any CPU
		{0D39E2FA-B78B-4E74-A36E-4905A3FF8FE6}.Debug|x86.ActiveCfg = Debug|Any CPU
		{0D39E2FA-B78B-4E74-A36E-4905A3FF8FE6}.Debug|x86.Build.0 = Debug|Any CPU
		{0D39E2FA-B78B-4E74-A36E-4905A3FF8FE6}.Release|Any CPU.ActiveCfg = Release|Any CPU
		{0D39E2FA-B78B-4E74-A36E-4905A3FF8FE6}.Release|Any CPU.Build.0 = Release|Any CPU
		{0D39E2FA-B78B-4E74-A36E-4905A3FF8FE6}.Release|x64.ActiveCfg = Release|Any CPU
		{0D39E2FA-B78B-4E74-A36E-4905A3FF8FE6}.Release|x64.Build.0 = Release|Any CPU
		{0D39E2FA-B78B-4E74-A36E-4905A3FF8FE6}.Release|x86.ActiveCfg = Release|Any CPU
		{0D39E2FA-B78B-4E74-A36E-4905A3FF8FE6}.Release|x86.Build.0 = Release|Any CPU
	EndGlobalSection
	GlobalSection(NestedProjects) = preSolution
		{57C0FADC-2BA9-4275-B848-90C443C39853} = {E89BD49B-70B4-4CE9-9A8D-48BADCA7F993}
		{9721B184-DEBB-4BCA-861A-98E02400D32B} = {E89BD49B-70B4-4CE9-9A8D-48BADCA7F993}
		{784145C6-FEEB-420D-ADAE-AADCEFBE5915} = {E89BD49B-70B4-4CE9-9A8D-48BADCA7F993}
		{D9C71BF1-B5E2-422C-AAEF-4A8DC66C3728} = {B89286A1-A88E-4BC2-974B-2B4366CB87F2}
		{03344301-7C93-4303-8AC1-FBE9A83C659C} = {B89286A1-A88E-4BC2-974B-2B4366CB87F2}
		{0D39E2FA-B78B-4E74-A36E-4905A3FF8FE6} = {B89286A1-A88E-4BC2-974B-2B4366CB87F2}
	EndGlobalSection
EndGlobal
