
Microsoft Visual Studio Solution File, Format Version 12.00
# Visual Studio 15
VisualStudioVersion = 15.0.26124.0
MinimumVisualStudioVersion = 15.0.26124.0
Project("{FAE04EC0-301F-11D3-BF4B-00C04F79EFBC}") = "Common", "Common\Common.csproj", "{B22C9038-061A-495F-A378-0B94AB23C244}"
EndProject
Project("{FAE04EC0-301F-11D3-BF4B-00C04F79EFBC}") = "Publisher", "Publisher\Publisher.csproj", "{784145C6-FEEB-420D-ADAE-AADCEFBE5915}"
EndProject
Project("{FAE04EC0-301F-11D3-BF4B-00C04F79EFBC}") = "Subscriber", "Subscriber\Subscriber.csproj", "{0D39E2FA-B78B-4E74-A36E-4905A3FF8FE6}"
EndProject
Project("{2150E333-8FDC-42A3-9474-1A3956D46DE8}") = "Other Files", "Other Files", "{6AFDE7AF-8812-4501-AFC6-F1C661997698}"
ProjectSection(SolutionItems) = preProject
	docker-compose.yml = docker-compose.yml
	Scripts\CleanUp.ps1 = Scripts\CleanUp.ps1
	Scripts\TestKafka.Docker.ps1 = Scripts\TestKafka.Docker.ps1
	Scripts\TestKafka.Local.ps1 = Scripts\TestKafka.Local.ps1
	LICENSE = LICENSE
	README.md = README.md
	.gitlab-ci.yml = .gitlab-ci.yml
	Unit-Tests.ps1 = Unit-Tests.ps1
EndProjectSection
EndProject
Project("{FAE04EC0-301F-11D3-BF4B-00C04F79EFBC}") = "Subscriber.Test.Unit", "Subscriber.Test.Unit\Subscriber.Test.Unit.csproj", "{E84C2CD0-A460-4BEB-A952-CC0AFE2D6FFA}"
EndProject
Project("{FAE04EC0-301F-11D3-BF4B-00C04F79EFBC}") = "Test.Integration", "Test.Integration\Test.Integration.csproj", "{5A3CBB52-F11D-44B1-B9F8-1001DEFE79DF}"
EndProject
Project("{FAE04EC0-301F-11D3-BF4B-00C04F79EFBC}") = "Publisher.Test.Unit", "Publisher.Test.Unit\Publisher.Test.Unit.csproj", "{F9DB5411-1C64-4A6C-BD6B-AC18F2E263F5}"
EndProject
Global
	GlobalSection(SolutionConfigurationPlatforms) = preSolution
		Debug|Any CPU = Debug|Any CPU
		Debug|x64 = Debug|x64
		Debug|x86 = Debug|x86
		Release|Any CPU = Release|Any CPU
		Release|x64 = Release|x64
		Release|x86 = Release|x86
	EndGlobalSection
	GlobalSection(SolutionProperties) = preSolution
		HideSolutionNode = FALSE
	EndGlobalSection
	GlobalSection(ProjectConfigurationPlatforms) = postSolution
		{B22C9038-061A-495F-A378-0B94AB23C244}.Debug|Any CPU.ActiveCfg = Debug|Any CPU
		{B22C9038-061A-495F-A378-0B94AB23C244}.Debug|Any CPU.Build.0 = Debug|Any CPU
		{B22C9038-061A-495F-A378-0B94AB23C244}.Debug|x64.ActiveCfg = Debug|Any CPU
		{B22C9038-061A-495F-A378-0B94AB23C244}.Debug|x64.Build.0 = Debug|Any CPU
		{B22C9038-061A-495F-A378-0B94AB23C244}.Debug|x86.ActiveCfg = Debug|Any CPU
		{B22C9038-061A-495F-A378-0B94AB23C244}.Debug|x86.Build.0 = Debug|Any CPU
		{B22C9038-061A-495F-A378-0B94AB23C244}.Release|Any CPU.ActiveCfg = Release|Any CPU
		{B22C9038-061A-495F-A378-0B94AB23C244}.Release|Any CPU.Build.0 = Release|Any CPU
		{B22C9038-061A-495F-A378-0B94AB23C244}.Release|x64.ActiveCfg = Release|Any CPU
		{B22C9038-061A-495F-A378-0B94AB23C244}.Release|x64.Build.0 = Release|Any CPU
		{B22C9038-061A-495F-A378-0B94AB23C244}.Release|x86.ActiveCfg = Release|Any CPU
		{B22C9038-061A-495F-A378-0B94AB23C244}.Release|x86.Build.0 = Release|Any CPU
		{784145C6-FEEB-420D-ADAE-AADCEFBE5915}.Debug|Any CPU.ActiveCfg = Debug|Any CPU
		{784145C6-FEEB-420D-ADAE-AADCEFBE5915}.Debug|Any CPU.Build.0 = Debug|Any CPU
		{784145C6-FEEB-420D-ADAE-AADCEFBE5915}.Debug|x64.ActiveCfg = Debug|Any CPU
		{784145C6-FEEB-420D-ADAE-AADCEFBE5915}.Debug|x64.Build.0 = Debug|Any CPU
		{784145C6-FEEB-420D-ADAE-AADCEFBE5915}.Debug|x86.ActiveCfg = Debug|Any CPU
		{784145C6-FEEB-420D-ADAE-AADCEFBE5915}.Debug|x86.Build.0 = Debug|Any CPU
		{784145C6-FEEB-420D-ADAE-AADCEFBE5915}.Release|Any CPU.ActiveCfg = Release|Any CPU
		{784145C6-FEEB-420D-ADAE-AADCEFBE5915}.Release|Any CPU.Build.0 = Release|Any CPU
		{784145C6-FEEB-420D-ADAE-AADCEFBE5915}.Release|x64.ActiveCfg = Release|Any CPU
		{784145C6-FEEB-420D-ADAE-AADCEFBE5915}.Release|x64.Build.0 = Release|Any CPU
		{784145C6-FEEB-420D-ADAE-AADCEFBE5915}.Release|x86.ActiveCfg = Release|Any CPU
		{784145C6-FEEB-420D-ADAE-AADCEFBE5915}.Release|x86.Build.0 = Release|Any CPU
		{0D39E2FA-B78B-4E74-A36E-4905A3FF8FE6}.Debug|Any CPU.ActiveCfg = Debug|Any CPU
		{0D39E2FA-B78B-4E74-A36E-4905A3FF8FE6}.Debug|Any CPU.Build.0 = Debug|Any CPU
		{0D39E2FA-B78B-4E74-A36E-4905A3FF8FE6}.Debug|x64.ActiveCfg = Debug|Any CPU
		{0D39E2FA-B78B-4E74-A36E-4905A3FF8FE6}.Debug|x64.Build.0 = Debug|Any CPU
		{0D39E2FA-B78B-4E74-A36E-4905A3FF8FE6}.Debug|x86.ActiveCfg = Debug|Any CPU
		{0D39E2FA-B78B-4E74-A36E-4905A3FF8FE6}.Debug|x86.Build.0 = Debug|Any CPU
		{0D39E2FA-B78B-4E74-A36E-4905A3FF8FE6}.Release|Any CPU.ActiveCfg = Release|Any CPU
		{0D39E2FA-B78B-4E74-A36E-4905A3FF8FE6}.Release|Any CPU.Build.0 = Release|Any CPU
		{0D39E2FA-B78B-4E74-A36E-4905A3FF8FE6}.Release|x64.ActiveCfg = Release|Any CPU
		{0D39E2FA-B78B-4E74-A36E-4905A3FF8FE6}.Release|x64.Build.0 = Release|Any CPU
		{0D39E2FA-B78B-4E74-A36E-4905A3FF8FE6}.Release|x86.ActiveCfg = Release|Any CPU
		{0D39E2FA-B78B-4E74-A36E-4905A3FF8FE6}.Release|x86.Build.0 = Release|Any CPU
		{E84C2CD0-A460-4BEB-A952-CC0AFE2D6FFA}.Debug|Any CPU.ActiveCfg = Debug|Any CPU
		{E84C2CD0-A460-4BEB-A952-CC0AFE2D6FFA}.Debug|Any CPU.Build.0 = Debug|Any CPU
		{E84C2CD0-A460-4BEB-A952-CC0AFE2D6FFA}.Debug|x64.ActiveCfg = Debug|Any CPU
		{E84C2CD0-A460-4BEB-A952-CC0AFE2D6FFA}.Debug|x64.Build.0 = Debug|Any CPU
		{E84C2CD0-A460-4BEB-A952-CC0AFE2D6FFA}.Debug|x86.ActiveCfg = Debug|Any CPU
		{E84C2CD0-A460-4BEB-A952-CC0AFE2D6FFA}.Debug|x86.Build.0 = Debug|Any CPU
		{E84C2CD0-A460-4BEB-A952-CC0AFE2D6FFA}.Release|Any CPU.ActiveCfg = Release|Any CPU
		{E84C2CD0-A460-4BEB-A952-CC0AFE2D6FFA}.Release|Any CPU.Build.0 = Release|Any CPU
		{E84C2CD0-A460-4BEB-A952-CC0AFE2D6FFA}.Release|x64.ActiveCfg = Release|Any CPU
		{E84C2CD0-A460-4BEB-A952-CC0AFE2D6FFA}.Release|x64.Build.0 = Release|Any CPU
		{E84C2CD0-A460-4BEB-A952-CC0AFE2D6FFA}.Release|x86.ActiveCfg = Release|Any CPU
		{E84C2CD0-A460-4BEB-A952-CC0AFE2D6FFA}.Release|x86.Build.0 = Release|Any CPU
		{5A3CBB52-F11D-44B1-B9F8-1001DEFE79DF}.Debug|Any CPU.ActiveCfg = Debug|Any CPU
		{5A3CBB52-F11D-44B1-B9F8-1001DEFE79DF}.Debug|Any CPU.Build.0 = Debug|Any CPU
		{5A3CBB52-F11D-44B1-B9F8-1001DEFE79DF}.Debug|x64.ActiveCfg = Debug|Any CPU
		{5A3CBB52-F11D-44B1-B9F8-1001DEFE79DF}.Debug|x64.Build.0 = Debug|Any CPU
		{5A3CBB52-F11D-44B1-B9F8-1001DEFE79DF}.Debug|x86.ActiveCfg = Debug|Any CPU
		{5A3CBB52-F11D-44B1-B9F8-1001DEFE79DF}.Debug|x86.Build.0 = Debug|Any CPU
		{5A3CBB52-F11D-44B1-B9F8-1001DEFE79DF}.Release|Any CPU.ActiveCfg = Release|Any CPU
		{5A3CBB52-F11D-44B1-B9F8-1001DEFE79DF}.Release|Any CPU.Build.0 = Release|Any CPU
		{5A3CBB52-F11D-44B1-B9F8-1001DEFE79DF}.Release|x64.ActiveCfg = Release|Any CPU
		{5A3CBB52-F11D-44B1-B9F8-1001DEFE79DF}.Release|x64.Build.0 = Release|Any CPU
		{5A3CBB52-F11D-44B1-B9F8-1001DEFE79DF}.Release|x86.ActiveCfg = Release|Any CPU
		{5A3CBB52-F11D-44B1-B9F8-1001DEFE79DF}.Release|x86.Build.0 = Release|Any CPU
		{F9DB5411-1C64-4A6C-BD6B-AC18F2E263F5}.Debug|Any CPU.ActiveCfg = Debug|Any CPU
		{F9DB5411-1C64-4A6C-BD6B-AC18F2E263F5}.Debug|Any CPU.Build.0 = Debug|Any CPU
		{F9DB5411-1C64-4A6C-BD6B-AC18F2E263F5}.Debug|x64.ActiveCfg = Debug|Any CPU
		{F9DB5411-1C64-4A6C-BD6B-AC18F2E263F5}.Debug|x64.Build.0 = Debug|Any CPU
		{F9DB5411-1C64-4A6C-BD6B-AC18F2E263F5}.Debug|x86.ActiveCfg = Debug|Any CPU
		{F9DB5411-1C64-4A6C-BD6B-AC18F2E263F5}.Debug|x86.Build.0 = Debug|Any CPU
		{F9DB5411-1C64-4A6C-BD6B-AC18F2E263F5}.Release|Any CPU.ActiveCfg = Release|Any CPU
		{F9DB5411-1C64-4A6C-BD6B-AC18F2E263F5}.Release|Any CPU.Build.0 = Release|Any CPU
		{F9DB5411-1C64-4A6C-BD6B-AC18F2E263F5}.Release|x64.ActiveCfg = Release|Any CPU
		{F9DB5411-1C64-4A6C-BD6B-AC18F2E263F5}.Release|x64.Build.0 = Release|Any CPU
		{F9DB5411-1C64-4A6C-BD6B-AC18F2E263F5}.Release|x86.ActiveCfg = Release|Any CPU
		{F9DB5411-1C64-4A6C-BD6B-AC18F2E263F5}.Release|x86.Build.0 = Release|Any CPU
	EndGlobalSection
	GlobalSection(NestedProjects) = preSolution
	EndGlobalSection
EndGlobal
